
Microsoft Visual Studio Solution File, Format Version 12.00
# Visual Studio 2012
Project("{FAE04EC0-301F-11D3-BF4B-00C04F79EFBC}") = "Hmwrk8_2", "Hmwrk8_2\Hmwrk8_2.csproj", "{0FACB8F9-6470-45FE-B69C-21181AC4D8D1}"
EndProject
Project("{FAE04EC0-301F-11D3-BF4B-00C04F79EFBC}") = "Hmwrk8_3", "Hmwrk8_3\Hmwrk8_3.csproj", "{3951F284-D8C5-4CA3-8DDE-26DF0481EED6}"
EndProject
Project("{FAE04EC0-301F-11D3-BF4B-00C04F79EFBC}") = "Hmwrk8_4", "Hmwrk8_4\Hmwrk8_4.csproj", "{DF7B9704-C5E8-4B21-A4E7-12768F59F28C}"
EndProject
Project("{FAE04EC0-301F-11D3-BF4B-00C04F79EFBC}") = "Hmwrk8_5", "Hmwrk8_5\Hmwrk8_5.csproj", "{53BBAD15-EE59-4BC6-B980-A7A9C6BDAD3E}"
EndProject
Project("{FAE04EC0-301F-11D3-BF4B-00C04F79EFBC}") = "Hmwrk8_6", "Hmwrk8_6\Hmwrk8_6.csproj", "{1C9AF74E-51B8-40BB-95C0-59F42FA74B51}"
EndProject
Project("{FAE04EC0-301F-11D3-BF4B-00C04F79EFBC}") = "Hmwrk8_7", "Hmwrk8_7\Hmwrk8_7.csproj", "{DE8181CC-EE01-41EE-BB3B-565A908F13CA}"
EndProject
Project("{FAE04EC0-301F-11D3-BF4B-00C04F79EFBC}") = "Hmwrk8_8", "Hmwrk8_8\Hmwrk8_8.csproj", "{D6AC6653-762A-4D8E-893C-30A0E7A7FB82}"
EndProject
Project("{FAE04EC0-301F-11D3-BF4B-00C04F79EFBC}") = "Hmwrk8_9", "Hmwrk8_9\Hmwrk8_9.csproj", "{384F4494-43CC-4D39-A519-321A77DF9480}"
EndProject
Project("{FAE04EC0-301F-11D3-BF4B-00C04F79EFBC}") = "Hmwrk8_10", "Hmwrk8_10\Hmwrk8_10.csproj", "{5A196AFB-C4A5-4E10-B91C-93956A129528}"
EndProject
Project("{FAE04EC0-301F-11D3-BF4B-00C04F79EFBC}") = "Hmwrk8_11", "Hmwrk8_11\Hmwrk8_11.csproj", "{8C6DF093-3116-4B78-88BC-56DE9FE91459}"
EndProject
Project("{FAE04EC0-301F-11D3-BF4B-00C04F79EFBC}") = "Hmwrk8_12", "Hmwrk8_12\Hmwrk8_12.csproj", "{22B504B6-2B08-4223-8BCC-564B18C31DC6}"
EndProject
Project("{FAE04EC0-301F-11D3-BF4B-00C04F79EFBC}") = "Hmwrk8_13", "Hmwrk8_13\Hmwrk8_13.csproj", "{52E7CB78-7543-4C3E-8F18-79AC94871E9C}"
EndProject
Project("{FAE04EC0-301F-11D3-BF4B-00C04F79EFBC}") = "Hmwrk8_14", "Hmwrk8_14\Hmwrk8_14.csproj", "{C5671A85-56BD-4527-8875-8A255346446D}"
EndProject
Project("{FAE04EC0-301F-11D3-BF4B-00C04F79EFBC}") = "Hmwrk8_15", "Hmwrk8_15\Hmwrk8_15.csproj", "{4241227F-74AC-4A03-83AC-C1321A17687E}"
EndProject
Project("{FAE04EC0-301F-11D3-BF4B-00C04F79EFBC}") = "Hmwrk8_16", "Hmwrk8_16\Hmwrk8_16.csproj", "{F138FFAE-FBA7-4E35-93BC-06B13739912C}"
EndProject
Project("{FAE04EC0-301F-11D3-BF4B-00C04F79EFBC}") = "Hmwrk8_17", "Hmwrk8_17\Hmwrk8_17.csproj", "{EB231F06-F67E-4DD0-895F-644E5D75BE1F}"
EndProject
Project("{FAE04EC0-301F-11D3-BF4B-00C04F79EFBC}") = "Hmwrk8_18", "Hmwrk8_18\Hmwrk8_18.csproj", "{E90B502D-864A-4931-A799-816CCB5E23E1}"
EndProject
Project("{FAE04EC0-301F-11D3-BF4B-00C04F79EFBC}") = "Hmwrk8_19", "Hmwrk8_19\Hmwrk8_19.csproj", "{7AD5D20E-E8A8-4F74-90AB-826F297C910C}"
EndProject
Project("{FAE04EC0-301F-11D3-BF4B-00C04F79EFBC}") = "Hmwrk8_20", "Hmwrk8_20\Hmwrk8_20.csproj", "{45AA6288-5F47-4B6F-98E3-39B8518B8570}"
EndProject
Project("{FAE04EC0-301F-11D3-BF4B-00C04F79EFBC}") = "Hmwrk8_21", "Hmwrk8_21\Hmwrk8_21.csproj", "{72561A3C-D989-4AD7-8FD6-1CF72E35959C}"
EndProject
Project("{FAE04EC0-301F-11D3-BF4B-00C04F79EFBC}") = "Hmwrk8_22", "Hmwrk8_22\Hmwrk8_22.csproj", "{4BA529A6-4995-43AA-9007-C95FBA059AC4}"
EndProject
Project("{FAE04EC0-301F-11D3-BF4B-00C04F79EFBC}") = "Hmwrk8_24", "Hmwrk8_24\Hmwrk8_24.csproj", "{32F50ABF-4ED7-4084-BBBC-B534360DF853}"
EndProject
Project("{FAE04EC0-301F-11D3-BF4B-00C04F79EFBC}") = "Hmwrk8_25", "Hmwrk8_25\Hmwrk8_25.csproj", "{D4E9BEDE-661B-4DCA-8FD0-E9F7E2109170}"
EndProject
Project("{FAE04EC0-301F-11D3-BF4B-00C04F79EFBC}") = "Hmwrk8__23", "Hmwrk8__23\Hmwrk8__23.csproj", "{17176A62-1D55-4D42-8891-84A2B313FD12}"
EndProject
Global
	GlobalSection(SolutionConfigurationPlatforms) = preSolution
		Debug|Any CPU = Debug|Any CPU
		Release|Any CPU = Release|Any CPU
	EndGlobalSection
	GlobalSection(ProjectConfigurationPlatforms) = postSolution
		{0FACB8F9-6470-45FE-B69C-21181AC4D8D1}.Debug|Any CPU.ActiveCfg = Debug|Any CPU
		{0FACB8F9-6470-45FE-B69C-21181AC4D8D1}.Debug|Any CPU.Build.0 = Debug|Any CPU
		{0FACB8F9-6470-45FE-B69C-21181AC4D8D1}.Release|Any CPU.ActiveCfg = Release|Any CPU
		{0FACB8F9-6470-45FE-B69C-21181AC4D8D1}.Release|Any CPU.Build.0 = Release|Any CPU
		{3951F284-D8C5-4CA3-8DDE-26DF0481EED6}.Debug|Any CPU.ActiveCfg = Debug|Any CPU
		{3951F284-D8C5-4CA3-8DDE-26DF0481EED6}.Debug|Any CPU.Build.0 = Debug|Any CPU
		{3951F284-D8C5-4CA3-8DDE-26DF0481EED6}.Release|Any CPU.ActiveCfg = Release|Any CPU
		{3951F284-D8C5-4CA3-8DDE-26DF0481EED6}.Release|Any CPU.Build.0 = Release|Any CPU
		{DF7B9704-C5E8-4B21-A4E7-12768F59F28C}.Debug|Any CPU.ActiveCfg = Debug|Any CPU
		{DF7B9704-C5E8-4B21-A4E7-12768F59F28C}.Debug|Any CPU.Build.0 = Debug|Any CPU
		{DF7B9704-C5E8-4B21-A4E7-12768F59F28C}.Release|Any CPU.ActiveCfg = Release|Any CPU
		{DF7B9704-C5E8-4B21-A4E7-12768F59F28C}.Release|Any CPU.Build.0 = Release|Any CPU
		{53BBAD15-EE59-4BC6-B980-A7A9C6BDAD3E}.Debug|Any CPU.ActiveCfg = Debug|Any CPU
		{53BBAD15-EE59-4BC6-B980-A7A9C6BDAD3E}.Debug|Any CPU.Build.0 = Debug|Any CPU
		{53BBAD15-EE59-4BC6-B980-A7A9C6BDAD3E}.Release|Any CPU.ActiveCfg = Release|Any CPU
		{53BBAD15-EE59-4BC6-B980-A7A9C6BDAD3E}.Release|Any CPU.Build.0 = Release|Any CPU
		{1C9AF74E-51B8-40BB-95C0-59F42FA74B51}.Debug|Any CPU.ActiveCfg = Debug|Any CPU
		{1C9AF74E-51B8-40BB-95C0-59F42FA74B51}.Debug|Any CPU.Build.0 = Debug|Any CPU
		{1C9AF74E-51B8-40BB-95C0-59F42FA74B51}.Release|Any CPU.ActiveCfg = Release|Any CPU
		{1C9AF74E-51B8-40BB-95C0-59F42FA74B51}.Release|Any CPU.Build.0 = Release|Any CPU
		{DE8181CC-EE01-41EE-BB3B-565A908F13CA}.Debug|Any CPU.ActiveCfg = Debug|Any CPU
		{DE8181CC-EE01-41EE-BB3B-565A908F13CA}.Debug|Any CPU.Build.0 = Debug|Any CPU
		{DE8181CC-EE01-41EE-BB3B-565A908F13CA}.Release|Any CPU.ActiveCfg = Release|Any CPU
		{DE8181CC-EE01-41EE-BB3B-565A908F13CA}.Release|Any CPU.Build.0 = Release|Any CPU
		{D6AC6653-762A-4D8E-893C-30A0E7A7FB82}.Debug|Any CPU.ActiveCfg = Debug|Any CPU
		{D6AC6653-762A-4D8E-893C-30A0E7A7FB82}.Debug|Any CPU.Build.0 = Debug|Any CPU
		{D6AC6653-762A-4D8E-893C-30A0E7A7FB82}.Release|Any CPU.ActiveCfg = Release|Any CPU
		{D6AC6653-762A-4D8E-893C-30A0E7A7FB82}.Release|Any CPU.Build.0 = Release|Any CPU
		{384F4494-43CC-4D39-A519-321A77DF9480}.Debug|Any CPU.ActiveCfg = Debug|Any CPU
		{384F4494-43CC-4D39-A519-321A77DF9480}.Debug|Any CPU.Build.0 = Debug|Any CPU
		{384F4494-43CC-4D39-A519-321A77DF9480}.Release|Any CPU.ActiveCfg = Release|Any CPU
		{384F4494-43CC-4D39-A519-321A77DF9480}.Release|Any CPU.Build.0 = Release|Any CPU
		{5A196AFB-C4A5-4E10-B91C-93956A129528}.Debug|Any CPU.ActiveCfg = Debug|Any CPU
		{5A196AFB-C4A5-4E10-B91C-93956A129528}.Debug|Any CPU.Build.0 = Debug|Any CPU
		{5A196AFB-C4A5-4E10-B91C-93956A129528}.Release|Any CPU.ActiveCfg = Release|Any CPU
		{5A196AFB-C4A5-4E10-B91C-93956A129528}.Release|Any CPU.Build.0 = Release|Any CPU
		{8C6DF093-3116-4B78-88BC-56DE9FE91459}.Debug|Any CPU.ActiveCfg = Debug|Any CPU
		{8C6DF093-3116-4B78-88BC-56DE9FE91459}.Debug|Any CPU.Build.0 = Debug|Any CPU
		{8C6DF093-3116-4B78-88BC-56DE9FE91459}.Release|Any CPU.ActiveCfg = Release|Any CPU
		{8C6DF093-3116-4B78-88BC-56DE9FE91459}.Release|Any CPU.Build.0 = Release|Any CPU
		{22B504B6-2B08-4223-8BCC-564B18C31DC6}.Debug|Any CPU.ActiveCfg = Debug|Any CPU
		{22B504B6-2B08-4223-8BCC-564B18C31DC6}.Debug|Any CPU.Build.0 = Debug|Any CPU
		{22B504B6-2B08-4223-8BCC-564B18C31DC6}.Release|Any CPU.ActiveCfg = Release|Any CPU
		{22B504B6-2B08-4223-8BCC-564B18C31DC6}.Release|Any CPU.Build.0 = Release|Any CPU
		{52E7CB78-7543-4C3E-8F18-79AC94871E9C}.Debug|Any CPU.ActiveCfg = Debug|Any CPU
		{52E7CB78-7543-4C3E-8F18-79AC94871E9C}.Debug|Any CPU.Build.0 = Debug|Any CPU
		{52E7CB78-7543-4C3E-8F18-79AC94871E9C}.Release|Any CPU.ActiveCfg = Release|Any CPU
		{52E7CB78-7543-4C3E-8F18-79AC94871E9C}.Release|Any CPU.Build.0 = Release|Any CPU
		{C5671A85-56BD-4527-8875-8A255346446D}.Debug|Any CPU.ActiveCfg = Debug|Any CPU
		{C5671A85-56BD-4527-8875-8A255346446D}.Debug|Any CPU.Build.0 = Debug|Any CPU
		{C5671A85-56BD-4527-8875-8A255346446D}.Release|Any CPU.ActiveCfg = Release|Any CPU
		{C5671A85-56BD-4527-8875-8A255346446D}.Release|Any CPU.Build.0 = Release|Any CPU
		{4241227F-74AC-4A03-83AC-C1321A17687E}.Debug|Any CPU.ActiveCfg = Debug|Any CPU
		{4241227F-74AC-4A03-83AC-C1321A17687E}.Debug|Any CPU.Build.0 = Debug|Any CPU
		{4241227F-74AC-4A03-83AC-C1321A17687E}.Release|Any CPU.ActiveCfg = Release|Any CPU
		{4241227F-74AC-4A03-83AC-C1321A17687E}.Release|Any CPU.Build.0 = Release|Any CPU
		{F138FFAE-FBA7-4E35-93BC-06B13739912C}.Debug|Any CPU.ActiveCfg = Debug|Any CPU
		{F138FFAE-FBA7-4E35-93BC-06B13739912C}.Debug|Any CPU.Build.0 = Debug|Any CPU
		{F138FFAE-FBA7-4E35-93BC-06B13739912C}.Release|Any CPU.ActiveCfg = Release|Any CPU
		{F138FFAE-FBA7-4E35-93BC-06B13739912C}.Release|Any CPU.Build.0 = Release|Any CPU
		{EB231F06-F67E-4DD0-895F-644E5D75BE1F}.Debug|Any CPU.ActiveCfg = Debug|Any CPU
		{EB231F06-F67E-4DD0-895F-644E5D75BE1F}.Debug|Any CPU.Build.0 = Debug|Any CPU
		{EB231F06-F67E-4DD0-895F-644E5D75BE1F}.Release|Any CPU.ActiveCfg = Release|Any CPU
		{EB231F06-F67E-4DD0-895F-644E5D75BE1F}.Release|Any CPU.Build.0 = Release|Any CPU
		{E90B502D-864A-4931-A799-816CCB5E23E1}.Debug|Any CPU.ActiveCfg = Debug|Any CPU
		{E90B502D-864A-4931-A799-816CCB5E23E1}.Debug|Any CPU.Build.0 = Debug|Any CPU
		{E90B502D-864A-4931-A799-816CCB5E23E1}.Release|Any CPU.ActiveCfg = Release|Any CPU
		{E90B502D-864A-4931-A799-816CCB5E23E1}.Release|Any CPU.Build.0 = Release|Any CPU
		{7AD5D20E-E8A8-4F74-90AB-826F297C910C}.Debug|Any CPU.ActiveCfg = Debug|Any CPU
		{7AD5D20E-E8A8-4F74-90AB-826F297C910C}.Debug|Any CPU.Build.0 = Debug|Any CPU
		{7AD5D20E-E8A8-4F74-90AB-826F297C910C}.Release|Any CPU.ActiveCfg = Release|Any CPU
		{7AD5D20E-E8A8-4F74-90AB-826F297C910C}.Release|Any CPU.Build.0 = Release|Any CPU
		{45AA6288-5F47-4B6F-98E3-39B8518B8570}.Debug|Any CPU.ActiveCfg = Debug|Any CPU
		{45AA6288-5F47-4B6F-98E3-39B8518B8570}.Debug|Any CPU.Build.0 = Debug|Any CPU
		{45AA6288-5F47-4B6F-98E3-39B8518B8570}.Release|Any CPU.ActiveCfg = Release|Any CPU
		{45AA6288-5F47-4B6F-98E3-39B8518B8570}.Release|Any CPU.Build.0 = Release|Any CPU
		{72561A3C-D989-4AD7-8FD6-1CF72E35959C}.Debug|Any CPU.ActiveCfg = Debug|Any CPU
		{72561A3C-D989-4AD7-8FD6-1CF72E35959C}.Debug|Any CPU.Build.0 = Debug|Any CPU
		{72561A3C-D989-4AD7-8FD6-1CF72E35959C}.Release|Any CPU.ActiveCfg = Release|Any CPU
		{72561A3C-D989-4AD7-8FD6-1CF72E35959C}.Release|Any CPU.Build.0 = Release|Any CPU
		{4BA529A6-4995-43AA-9007-C95FBA059AC4}.Debug|Any CPU.ActiveCfg = Debug|Any CPU
		{4BA529A6-4995-43AA-9007-C95FBA059AC4}.Debug|Any CPU.Build.0 = Debug|Any CPU
		{4BA529A6-4995-43AA-9007-C95FBA059AC4}.Release|Any CPU.ActiveCfg = Release|Any CPU
		{4BA529A6-4995-43AA-9007-C95FBA059AC4}.Release|Any CPU.Build.0 = Release|Any CPU
		{32F50ABF-4ED7-4084-BBBC-B534360DF853}.Debug|Any CPU.ActiveCfg = Debug|Any CPU
		{32F50ABF-4ED7-4084-BBBC-B534360DF853}.Debug|Any CPU.Build.0 = Debug|Any CPU
		{32F50ABF-4ED7-4084-BBBC-B534360DF853}.Release|Any CPU.ActiveCfg = Release|Any CPU
		{32F50ABF-4ED7-4084-BBBC-B534360DF853}.Release|Any CPU.Build.0 = Release|Any CPU
		{D4E9BEDE-661B-4DCA-8FD0-E9F7E2109170}.Debug|Any CPU.ActiveCfg = Debug|Any CPU
		{D4E9BEDE-661B-4DCA-8FD0-E9F7E2109170}.Debug|Any CPU.Build.0 = Debug|Any CPU
		{D4E9BEDE-661B-4DCA-8FD0-E9F7E2109170}.Release|Any CPU.ActiveCfg = Release|Any CPU
		{D4E9BEDE-661B-4DCA-8FD0-E9F7E2109170}.Release|Any CPU.Build.0 = Release|Any CPU
		{17176A62-1D55-4D42-8891-84A2B313FD12}.Debug|Any CPU.ActiveCfg = Debug|Any CPU
		{17176A62-1D55-4D42-8891-84A2B313FD12}.Debug|Any CPU.Build.0 = Debug|Any CPU
		{17176A62-1D55-4D42-8891-84A2B313FD12}.Release|Any CPU.ActiveCfg = Release|Any CPU
		{17176A62-1D55-4D42-8891-84A2B313FD12}.Release|Any CPU.Build.0 = Release|Any CPU
	EndGlobalSection
	GlobalSection(SolutionProperties) = preSolution
		HideSolutionNode = FALSE
	EndGlobalSection
EndGlobal
