
Microsoft Visual Studio Solution File, Format Version 12.00
# Visual Studio 2012
Project("{FAE04EC0-301F-11D3-BF4B-00C04F79EFBC}") = "Hmwrk7_1", "Hmwrk7_1\Hmwrk7_1.csproj", "{9175DB29-2129-46AF-BA97-D7A5BAD6B070}"
EndProject
Project("{FAE04EC0-301F-11D3-BF4B-00C04F79EFBC}") = "Hmwrk7_2", "Hmwrk7_2\Hmwrk7_2.csproj", "{C1CDB2EC-09F2-486C-9A5A-F8243195640E}"
EndProject
Project("{FAE04EC0-301F-11D3-BF4B-00C04F79EFBC}") = "Hmwrk7_3", "Hmwrk7_3\Hmwrk7_3.csproj", "{EAD08190-6497-48F8-B50C-C7DBB158BC39}"
EndProject
Project("{FAE04EC0-301F-11D3-BF4B-00C04F79EFBC}") = "Hmwrk7_4", "Hmwrk7_4\Hmwrk7_4.csproj", "{232A7115-AE51-48D9-A7D8-0F19412CE18A}"
EndProject
Project("{FAE04EC0-301F-11D3-BF4B-00C04F79EFBC}") = "Hmwrk7__5", "Hmwrk7__5\Hmwrk7__5.csproj", "{CE7C2C77-A9F9-485A-8263-8DF51A275377}"
EndProject
Project("{FAE04EC0-301F-11D3-BF4B-00C04F79EFBC}") = "Hmwrk7_6", "Hmwrk7_6\Hmwrk7_6.csproj", "{C7C9C1D3-ABF2-4760-B270-B3A36AAC61C1}"
EndProject
Project("{FAE04EC0-301F-11D3-BF4B-00C04F79EFBC}") = "Hmwrk7_7", "Hmwrk7_7\Hmwrk7_7.csproj", "{31B653DA-ECB4-4BA8-BB6B-526DA24A0F2A}"
EndProject
Project("{FAE04EC0-301F-11D3-BF4B-00C04F79EFBC}") = "Hmwrk7_8", "Hmwrk7_8\Hmwrk7_8.csproj", "{F9337387-7339-4654-BC83-7039F2978F9B}"
EndProject
Project("{FAE04EC0-301F-11D3-BF4B-00C04F79EFBC}") = "Hmwrk7_9", "Hmwrk7_9\Hmwrk7_9.csproj", "{53920F00-5772-4352-980B-E8CA2135F906}"
EndProject
Project("{FAE04EC0-301F-11D3-BF4B-00C04F79EFBC}") = "Hmwrk1_10", "Hmwrk1_10\Hmwrk1_10.csproj", "{B035492F-8E0E-40A3-8FA6-6D9CB7CD5124}"
EndProject
Project("{FAE04EC0-301F-11D3-BF4B-00C04F79EFBC}") = "Hmwrk7_11", "Hmwrk7_11\Hmwrk7_11.csproj", "{F33B6B1B-218C-4429-A010-B910F641CCAA}"
EndProject
Project("{FAE04EC0-301F-11D3-BF4B-00C04F79EFBC}") = "Hmwrk7_12", "Hmwrk7_12\Hmwrk7_12.csproj", "{E89192BC-DB57-474D-861D-6FC635768F9A}"
EndProject
Project("{FAE04EC0-301F-11D3-BF4B-00C04F79EFBC}") = "Hmwrk7_13", "Hmwrk7_13\Hmwrk7_13.csproj", "{7D311350-C35F-4CE1-A664-0108DAB6F554}"
EndProject
Global
	GlobalSection(SolutionConfigurationPlatforms) = preSolution
		Debug|Any CPU = Debug|Any CPU
		Release|Any CPU = Release|Any CPU
	EndGlobalSection
	GlobalSection(ProjectConfigurationPlatforms) = postSolution
		{9175DB29-2129-46AF-BA97-D7A5BAD6B070}.Debug|Any CPU.ActiveCfg = Debug|Any CPU
		{9175DB29-2129-46AF-BA97-D7A5BAD6B070}.Debug|Any CPU.Build.0 = Debug|Any CPU
		{9175DB29-2129-46AF-BA97-D7A5BAD6B070}.Release|Any CPU.ActiveCfg = Release|Any CPU
		{9175DB29-2129-46AF-BA97-D7A5BAD6B070}.Release|Any CPU.Build.0 = Release|Any CPU
		{C1CDB2EC-09F2-486C-9A5A-F8243195640E}.Debug|Any CPU.ActiveCfg = Debug|Any CPU
		{C1CDB2EC-09F2-486C-9A5A-F8243195640E}.Debug|Any CPU.Build.0 = Debug|Any CPU
		{C1CDB2EC-09F2-486C-9A5A-F8243195640E}.Release|Any CPU.ActiveCfg = Release|Any CPU
		{C1CDB2EC-09F2-486C-9A5A-F8243195640E}.Release|Any CPU.Build.0 = Release|Any CPU
		{EAD08190-6497-48F8-B50C-C7DBB158BC39}.Debug|Any CPU.ActiveCfg = Debug|Any CPU
		{EAD08190-6497-48F8-B50C-C7DBB158BC39}.Debug|Any CPU.Build.0 = Debug|Any CPU
		{EAD08190-6497-48F8-B50C-C7DBB158BC39}.Release|Any CPU.ActiveCfg = Release|Any CPU
		{EAD08190-6497-48F8-B50C-C7DBB158BC39}.Release|Any CPU.Build.0 = Release|Any CPU
		{232A7115-AE51-48D9-A7D8-0F19412CE18A}.Debug|Any CPU.ActiveCfg = Debug|Any CPU
		{232A7115-AE51-48D9-A7D8-0F19412CE18A}.Debug|Any CPU.Build.0 = Debug|Any CPU
		{232A7115-AE51-48D9-A7D8-0F19412CE18A}.Release|Any CPU.ActiveCfg = Release|Any CPU
		{232A7115-AE51-48D9-A7D8-0F19412CE18A}.Release|Any CPU.Build.0 = Release|Any CPU
		{CE7C2C77-A9F9-485A-8263-8DF51A275377}.Debug|Any CPU.ActiveCfg = Debug|Any CPU
		{CE7C2C77-A9F9-485A-8263-8DF51A275377}.Debug|Any CPU.Build.0 = Debug|Any CPU
		{CE7C2C77-A9F9-485A-8263-8DF51A275377}.Release|Any CPU.ActiveCfg = Release|Any CPU
		{CE7C2C77-A9F9-485A-8263-8DF51A275377}.Release|Any CPU.Build.0 = Release|Any CPU
		{C7C9C1D3-ABF2-4760-B270-B3A36AAC61C1}.Debug|Any CPU.ActiveCfg = Debug|Any CPU
		{C7C9C1D3-ABF2-4760-B270-B3A36AAC61C1}.Debug|Any CPU.Build.0 = Debug|Any CPU
		{C7C9C1D3-ABF2-4760-B270-B3A36AAC61C1}.Release|Any CPU.ActiveCfg = Release|Any CPU
		{C7C9C1D3-ABF2-4760-B270-B3A36AAC61C1}.Release|Any CPU.Build.0 = Release|Any CPU
		{31B653DA-ECB4-4BA8-BB6B-526DA24A0F2A}.Debug|Any CPU.ActiveCfg = Debug|Any CPU
		{31B653DA-ECB4-4BA8-BB6B-526DA24A0F2A}.Debug|Any CPU.Build.0 = Debug|Any CPU
		{31B653DA-ECB4-4BA8-BB6B-526DA24A0F2A}.Release|Any CPU.ActiveCfg = Release|Any CPU
		{31B653DA-ECB4-4BA8-BB6B-526DA24A0F2A}.Release|Any CPU.Build.0 = Release|Any CPU
		{F9337387-7339-4654-BC83-7039F2978F9B}.Debug|Any CPU.ActiveCfg = Debug|Any CPU
		{F9337387-7339-4654-BC83-7039F2978F9B}.Debug|Any CPU.Build.0 = Debug|Any CPU
		{F9337387-7339-4654-BC83-7039F2978F9B}.Release|Any CPU.ActiveCfg = Release|Any CPU
		{F9337387-7339-4654-BC83-7039F2978F9B}.Release|Any CPU.Build.0 = Release|Any CPU
		{53920F00-5772-4352-980B-E8CA2135F906}.Debug|Any CPU.ActiveCfg = Debug|Any CPU
		{53920F00-5772-4352-980B-E8CA2135F906}.Debug|Any CPU.Build.0 = Debug|Any CPU
		{53920F00-5772-4352-980B-E8CA2135F906}.Release|Any CPU.ActiveCfg = Release|Any CPU
		{53920F00-5772-4352-980B-E8CA2135F906}.Release|Any CPU.Build.0 = Release|Any CPU
		{B035492F-8E0E-40A3-8FA6-6D9CB7CD5124}.Debug|Any CPU.ActiveCfg = Debug|Any CPU
		{B035492F-8E0E-40A3-8FA6-6D9CB7CD5124}.Debug|Any CPU.Build.0 = Debug|Any CPU
		{B035492F-8E0E-40A3-8FA6-6D9CB7CD5124}.Release|Any CPU.ActiveCfg = Release|Any CPU
		{B035492F-8E0E-40A3-8FA6-6D9CB7CD5124}.Release|Any CPU.Build.0 = Release|Any CPU
		{F33B6B1B-218C-4429-A010-B910F641CCAA}.Debug|Any CPU.ActiveCfg = Debug|Any CPU
		{F33B6B1B-218C-4429-A010-B910F641CCAA}.Debug|Any CPU.Build.0 = Debug|Any CPU
		{F33B6B1B-218C-4429-A010-B910F641CCAA}.Release|Any CPU.ActiveCfg = Release|Any CPU
		{F33B6B1B-218C-4429-A010-B910F641CCAA}.Release|Any CPU.Build.0 = Release|Any CPU
		{E89192BC-DB57-474D-861D-6FC635768F9A}.Debug|Any CPU.ActiveCfg = Debug|Any CPU
		{E89192BC-DB57-474D-861D-6FC635768F9A}.Debug|Any CPU.Build.0 = Debug|Any CPU
		{E89192BC-DB57-474D-861D-6FC635768F9A}.Release|Any CPU.ActiveCfg = Release|Any CPU
		{E89192BC-DB57-474D-861D-6FC635768F9A}.Release|Any CPU.Build.0 = Release|Any CPU
		{7D311350-C35F-4CE1-A664-0108DAB6F554}.Debug|Any CPU.ActiveCfg = Debug|Any CPU
		{7D311350-C35F-4CE1-A664-0108DAB6F554}.Debug|Any CPU.Build.0 = Debug|Any CPU
		{7D311350-C35F-4CE1-A664-0108DAB6F554}.Release|Any CPU.ActiveCfg = Release|Any CPU
		{7D311350-C35F-4CE1-A664-0108DAB6F554}.Release|Any CPU.Build.0 = Release|Any CPU
	EndGlobalSection
	GlobalSection(SolutionProperties) = preSolution
		HideSolutionNode = FALSE
	EndGlobalSection
EndGlobal
