
Microsoft Visual Studio Solution File, Format Version 12.00
# Visual Studio 2012
Project("{FAE04EC0-301F-11D3-BF4B-00C04F79EFBC}") = "Hmwrk2_1", "Hmwrk2_1\Hmwrk2_1.csproj", "{5C75AE3F-B561-4325-A1D6-8484C90FE0CD}"
EndProject
Project("{FAE04EC0-301F-11D3-BF4B-00C04F79EFBC}") = "Hmwrk2_2", "Hmwrk2_2\Hmwrk2_2.csproj", "{B10986B5-A0A3-41C5-AEAC-2B13F320B282}"
EndProject
Project("{FAE04EC0-301F-11D3-BF4B-00C04F79EFBC}") = "Hmwrk2_3", "Hmwrk2_3\Hmwrk2_3.csproj", "{67E3A6EB-C005-46EC-8FB1-9281402E5929}"
EndProject
Project("{FAE04EC0-301F-11D3-BF4B-00C04F79EFBC}") = "Hmwrk2_4", "Hmwrk2_4\Hmwrk2_4.csproj", "{F8AFC3C9-A211-4606-8A81-99A2C04D4E00}"
EndProject
Project("{FAE04EC0-301F-11D3-BF4B-00C04F79EFBC}") = "Hmwrk2_5", "Hmwrk2_5\Hmwrk2_5.csproj", "{E9569FA2-80FD-4999-AE1D-160F14D52300}"
EndProject
Global
	GlobalSection(SolutionConfigurationPlatforms) = preSolution
		Debug|Any CPU = Debug|Any CPU
		Release|Any CPU = Release|Any CPU
	EndGlobalSection
	GlobalSection(ProjectConfigurationPlatforms) = postSolution
		{5C75AE3F-B561-4325-A1D6-8484C90FE0CD}.Debug|Any CPU.ActiveCfg = Debug|Any CPU
		{5C75AE3F-B561-4325-A1D6-8484C90FE0CD}.Debug|Any CPU.Build.0 = Debug|Any CPU
		{5C75AE3F-B561-4325-A1D6-8484C90FE0CD}.Release|Any CPU.ActiveCfg = Release|Any CPU
		{5C75AE3F-B561-4325-A1D6-8484C90FE0CD}.Release|Any CPU.Build.0 = Release|Any CPU
		{B10986B5-A0A3-41C5-AEAC-2B13F320B282}.Debug|Any CPU.ActiveCfg = Debug|Any CPU
		{B10986B5-A0A3-41C5-AEAC-2B13F320B282}.Debug|Any CPU.Build.0 = Debug|Any CPU
		{B10986B5-A0A3-41C5-AEAC-2B13F320B282}.Release|Any CPU.ActiveCfg = Release|Any CPU
		{B10986B5-A0A3-41C5-AEAC-2B13F320B282}.Release|Any CPU.Build.0 = Release|Any CPU
		{67E3A6EB-C005-46EC-8FB1-9281402E5929}.Debug|Any CPU.ActiveCfg = Debug|Any CPU
		{67E3A6EB-C005-46EC-8FB1-9281402E5929}.Debug|Any CPU.Build.0 = Debug|Any CPU
		{67E3A6EB-C005-46EC-8FB1-9281402E5929}.Release|Any CPU.ActiveCfg = Release|Any CPU
		{67E3A6EB-C005-46EC-8FB1-9281402E5929}.Release|Any CPU.Build.0 = Release|Any CPU
		{F8AFC3C9-A211-4606-8A81-99A2C04D4E00}.Debug|Any CPU.ActiveCfg = Debug|Any CPU
		{F8AFC3C9-A211-4606-8A81-99A2C04D4E00}.Debug|Any CPU.Build.0 = Debug|Any CPU
		{F8AFC3C9-A211-4606-8A81-99A2C04D4E00}.Release|Any CPU.ActiveCfg = Release|Any CPU
		{F8AFC3C9-A211-4606-8A81-99A2C04D4E00}.Release|Any CPU.Build.0 = Release|Any CPU
		{E9569FA2-80FD-4999-AE1D-160F14D52300}.Debug|Any CPU.ActiveCfg = Debug|Any CPU
		{E9569FA2-80FD-4999-AE1D-160F14D52300}.Debug|Any CPU.Build.0 = Debug|Any CPU
		{E9569FA2-80FD-4999-AE1D-160F14D52300}.Release|Any CPU.ActiveCfg = Release|Any CPU
		{E9569FA2-80FD-4999-AE1D-160F14D52300}.Release|Any CPU.Build.0 = Release|Any CPU
	EndGlobalSection
	GlobalSection(SolutionProperties) = preSolution
		HideSolutionNode = FALSE
	EndGlobalSection
EndGlobal
